// !$*UTF8*$!
{
	archiveVersion = 1;
	classes = {
	};
	objectVersion = 55;
	objects = {

/* Begin PBXBuildFile section */
		973F0FDB2854F89200536311 /* ResultViewController.swift in Sources */ = {isa = PBXBuildFile; fileRef = 973F0FDA2854F89200536311 /* ResultViewController.swift */; };
		973F0FDD2854F94D00536311 /* CalculatorViewController.swift in Sources */ = {isa = PBXBuildFile; fileRef = 973F0FDC2854F94D00536311 /* CalculatorViewController.swift */; };
		975815482854D8AD00EA231E /* AppDelegate.swift in Sources */ = {isa = PBXBuildFile; fileRef = 975815472854D8AD00EA231E /* AppDelegate.swift */; };
		9758154A2854D8AD00EA231E /* SceneDelegate.swift in Sources */ = {isa = PBXBuildFile; fileRef = 975815492854D8AD00EA231E /* SceneDelegate.swift */; };
		9758154F2854D8AD00EA231E /* Main.storyboard in Resources */ = {isa = PBXBuildFile; fileRef = 9758154D2854D8AD00EA231E /* Main.storyboard */; };
		975815512854D8AD00EA231E /* Assets.xcassets in Resources */ = {isa = PBXBuildFile; fileRef = 975815502854D8AD00EA231E /* Assets.xcassets */; };
		975815542854D8AD00EA231E /* LaunchScreen.storyboard in Resources */ = {isa = PBXBuildFile; fileRef = 975815522854D8AD00EA231E /* LaunchScreen.storyboard */; };
		97D0A376285C70310097F740 /* CalculatorBrain.swift in Sources */ = {isa = PBXBuildFile; fileRef = 97D0A375285C70310097F740 /* CalculatorBrain.swift */; };
		97D0A378285C75D50097F740 /* Calculation.swift in Sources */ = {isa = PBXBuildFile; fileRef = 97D0A377285C75D50097F740 /* Calculation.swift */; };
/* End PBXBuildFile section */

/* Begin PBXFileReference section */
		973F0FDA2854F89200536311 /* ResultViewController.swift */ = {isa = PBXFileReference; lastKnownFileType = sourcecode.swift; path = ResultViewController.swift; sourceTree = "<group>"; };
		973F0FDC2854F94D00536311 /* CalculatorViewController.swift */ = {isa = PBXFileReference; lastKnownFileType = sourcecode.swift; path = CalculatorViewController.swift; sourceTree = "<group>"; };
		975815442854D8AD00EA231E /* TipForMeal.app */ = {isa = PBXFileReference; explicitFileType = wrapper.application; includeInIndex = 0; path = TipForMeal.app; sourceTree = BUILT_PRODUCTS_DIR; };
		975815472854D8AD00EA231E /* AppDelegate.swift */ = {isa = PBXFileReference; lastKnownFileType = sourcecode.swift; path = AppDelegate.swift; sourceTree = "<group>"; };
		975815492854D8AD00EA231E /* SceneDelegate.swift */ = {isa = PBXFileReference; lastKnownFileType = sourcecode.swift; path = SceneDelegate.swift; sourceTree = "<group>"; };
		9758154E2854D8AD00EA231E /* Base */ = {isa = PBXFileReference; lastKnownFileType = file.storyboard; name = Base; path = Base.lproj/Main.storyboard; sourceTree = "<group>"; };
		975815502854D8AD00EA231E /* Assets.xcassets */ = {isa = PBXFileReference; lastKnownFileType = folder.assetcatalog; path = Assets.xcassets; sourceTree = "<group>"; };
		975815532854D8AD00EA231E /* Base */ = {isa = PBXFileReference; lastKnownFileType = file.storyboard; name = Base; path = Base.lproj/LaunchScreen.storyboard; sourceTree = "<group>"; };
		975815552854D8AD00EA231E /* Info.plist */ = {isa = PBXFileReference; lastKnownFileType = text.plist.xml; path = Info.plist; sourceTree = "<group>"; };
		97D0A375285C70310097F740 /* CalculatorBrain.swift */ = {isa = PBXFileReference; lastKnownFileType = sourcecode.swift; path = CalculatorBrain.swift; sourceTree = "<group>"; };
		97D0A377285C75D50097F740 /* Calculation.swift */ = {isa = PBXFileReference; lastKnownFileType = sourcecode.swift; path = Calculation.swift; sourceTree = "<group>"; };
		97FB49F32885D7D5005AEDC9 /* README.md */ = {isa = PBXFileReference; lastKnownFileType = net.daringfireball.markdown; path = README.md; sourceTree = "<group>"; };
/* End PBXFileReference section */

/* Begin PBXFrameworksBuildPhase section */
		975815412854D8AD00EA231E /* Frameworks */ = {
			isa = PBXFrameworksBuildPhase;
			buildActionMask = 2147483647;
			files = (
			);
			runOnlyForDeploymentPostprocessing = 0;
		};
/* End PBXFrameworksBuildPhase section */

/* Begin PBXGroup section */
		973F0FD72854F7AB00536311 /* Controllers */ = {
			isa = PBXGroup;
			children = (
				973F0FDA2854F89200536311 /* ResultViewController.swift */,
				973F0FDC2854F94D00536311 /* CalculatorViewController.swift */,
			);
			path = Controllers;
			sourceTree = "<group>";
		};
		973F0FD82854F7CE00536311 /* Views */ = {
			isa = PBXGroup;
			children = (
				9758154D2854D8AD00EA231E /* Main.storyboard */,
			);
			path = Views;
			sourceTree = "<group>";
		};
		973F0FD92854F7DD00536311 /* Models */ = {
			isa = PBXGroup;
			children = (
				97D0A375285C70310097F740 /* CalculatorBrain.swift */,
				97D0A377285C75D50097F740 /* Calculation.swift */,
			);
			path = Models;
			sourceTree = "<group>";
		};
		9758153B2854D8AD00EA231E = {
			isa = PBXGroup;
			children = (
				975815462854D8AD00EA231E /* TipForMeal */,
				975815452854D8AD00EA231E /* Products */,
			);
			sourceTree = "<group>";
		};
		975815452854D8AD00EA231E /* Products */ = {
			isa = PBXGroup;
			children = (
				975815442854D8AD00EA231E /* TipForMeal.app */,
			);
			name = Products;
			sourceTree = "<group>";
		};
		975815462854D8AD00EA231E /* TipForMeal */ = {
			isa = PBXGroup;
			children = (
				97FB49F32885D7D5005AEDC9 /* README.md */,
				975815472854D8AD00EA231E /* AppDelegate.swift */,
				975815492854D8AD00EA231E /* SceneDelegate.swift */,
				973F0FD92854F7DD00536311 /* Models */,
				973F0FD72854F7AB00536311 /* Controllers */,
				973F0FD82854F7CE00536311 /* Views */,
				975815502854D8AD00EA231E /* Assets.xcassets */,
				975815522854D8AD00EA231E /* LaunchScreen.storyboard */,
				975815552854D8AD00EA231E /* Info.plist */,
			);
			path = TipForMeal;
			sourceTree = "<group>";
		};
/* End PBXGroup section */

/* Begin PBXNativeTarget section */
		975815432854D8AD00EA231E /* TipForMeal */ = {
			isa = PBXNativeTarget;
			buildConfigurationList = 975815582854D8AD00EA231E /* Build configuration list for PBXNativeTarget "TipForMeal" */;
			buildPhases = (
				975815402854D8AD00EA231E /* Sources */,
				975815412854D8AD00EA231E /* Frameworks */,
				975815422854D8AD00EA231E /* Resources */,
			);
			buildRules = (
			);
			dependencies = (
			);
			name = TipForMeal;
			productName = TipForMeal;
			productReference = 975815442854D8AD00EA231E /* TipForMeal.app */;
			productType = "com.apple.product-type.application";
		};
/* End PBXNativeTarget section */

/* Begin PBXProject section */
		9758153C2854D8AD00EA231E /* Project object */ = {
			isa = PBXProject;
			attributes = {
				BuildIndependentTargetsInParallel = 1;
				LastSwiftUpdateCheck = 1320;
				LastUpgradeCheck = 1320;
				TargetAttributes = {
					975815432854D8AD00EA231E = {
						CreatedOnToolsVersion = 13.2.1;
					};
				};
			};
			buildConfigurationList = 9758153F2854D8AD00EA231E /* Build configuration list for PBXProject "TipForMeal" */;
			compatibilityVersion = "Xcode 13.0";
			developmentRegion = en;
			hasScannedForEncodings = 0;
			knownRegions = (
				en,
				Base,
			);
			mainGroup = 9758153B2854D8AD00EA231E;
			productRefGroup = 975815452854D8AD00EA231E /* Products */;
			projectDirPath = "";
			projectRoot = "";
			targets = (
				975815432854D8AD00EA231E /* TipForMeal */,
			);
		};
/* End PBXProject section */

/* Begin PBXResourcesBuildPhase section */
		975815422854D8AD00EA231E /* Resources */ = {
			isa = PBXResourcesBuildPhase;
			buildActionMask = 2147483647;
			files = (
				975815542854D8AD00EA231E /* LaunchScreen.storyboard in Resources */,
				975815512854D8AD00EA231E /* Assets.xcassets in Resources */,
				9758154F2854D8AD00EA231E /* Main.storyboard in Resources */,
			);
			runOnlyForDeploymentPostprocessing = 0;
		};
/* End PBXResourcesBuildPhase section */

/* Begin PBXSourcesBuildPhase section */
		975815402854D8AD00EA231E /* Sources */ = {
			isa = PBXSourcesBuildPhase;
			buildActionMask = 2147483647;
			files = (
				975815482854D8AD00EA231E /* AppDelegate.swift in Sources */,
				97D0A378285C75D50097F740 /* Calculation.swift in Sources */,
				9758154A2854D8AD00EA231E /* SceneDelegate.swift in Sources */,
				973F0FDD2854F94D00536311 /* CalculatorViewController.swift in Sources */,
				97D0A376285C70310097F740 /* CalculatorBrain.swift in Sources */,
				973F0FDB2854F89200536311 /* ResultViewController.swift in Sources */,
			);
			runOnlyForDeploymentPostprocessing = 0;
		};
/* End PBXSourcesBuildPhase section */

/* Begin PBXVariantGroup section */
		9758154D2854D8AD00EA231E /* Main.storyboard */ = {
			isa = PBXVariantGroup;
			children = (
				9758154E2854D8AD00EA231E /* Base */,
			);
			name = Main.storyboard;
			sourceTree = "<group>";
		};
		975815522854D8AD00EA231E /* LaunchScreen.storyboard */ = {
			isa = PBXVariantGroup;
			children = (
				975815532854D8AD00EA231E /* Base */,
			);
			name = LaunchScreen.storyboard;
			sourceTree = "<group>";
		};
/* End PBXVariantGroup section */

/* Begin XCBuildConfiguration section */
		975815562854D8AD00EA231E /* Debug */ = {
			isa = XCBuildConfiguration;
			buildSettings = {
				ALWAYS_SEARCH_USER_PATHS = NO;
				CLANG_ANALYZER_NONNULL = YES;
				CLANG_ANALYZER_NUMBER_OBJECT_CONVERSION = YES_AGGRESSIVE;
				CLANG_CXX_LANGUAGE_STANDARD = "gnu++17";
				CLANG_CXX_LIBRARY = "libc++";
				CLANG_ENABLE_MODULES = YES;
				CLANG_ENABLE_OBJC_ARC = YES;
				CLANG_ENABLE_OBJC_WEAK = YES;
				CLANG_WARN_BLOCK_CAPTURE_AUTORELEASING = YES;
				CLANG_WARN_BOOL_CONVERSION = YES;
				CLANG_WARN_COMMA = YES;
				CLANG_WARN_CONSTANT_CONVERSION = YES;
				CLANG_WARN_DEPRECATED_OBJC_IMPLEMENTATIONS = YES;
				CLANG_WARN_DIRECT_OBJC_ISA_USAGE = YES_ERROR;
				CLANG_WARN_DOCUMENTATION_COMMENTS = YES;
				CLANG_WARN_EMPTY_BODY = YES;
				CLANG_WARN_ENUM_CONVERSION = YES;
				CLANG_WARN_INFINITE_RECURSION = YES;
				CLANG_WARN_INT_CONVERSION = YES;
				CLANG_WARN_NON_LITERAL_NULL_CONVERSION = YES;
				CLANG_WARN_OBJC_IMPLICIT_RETAIN_SELF = YES;
				CLANG_WARN_OBJC_LITERAL_CONVERSION = YES;
				CLANG_WARN_OBJC_ROOT_CLASS = YES_ERROR;
				CLANG_WARN_QUOTED_INCLUDE_IN_FRAMEWORK_HEADER = YES;
				CLANG_WARN_RANGE_LOOP_ANALYSIS = YES;
				CLANG_WARN_STRICT_PROTOTYPES = YES;
				CLANG_WARN_SUSPICIOUS_MOVE = YES;
				CLANG_WARN_UNGUARDED_AVAILABILITY = YES_AGGRESSIVE;
				CLANG_WARN_UNREACHABLE_CODE = YES;
				CLANG_WARN__DUPLICATE_METHOD_MATCH = YES;
				COPY_PHASE_STRIP = NO;
				DEBUG_INFORMATION_FORMAT = dwarf;
				ENABLE_STRICT_OBJC_MSGSEND = YES;
				ENABLE_TESTABILITY = YES;
				GCC_C_LANGUAGE_STANDARD = gnu11;
				GCC_DYNAMIC_NO_PIC = NO;
				GCC_NO_COMMON_BLOCKS = YES;
				GCC_OPTIMIZATION_LEVEL = 0;
				GCC_PREPROCESSOR_DEFINITIONS = (
					"DEBUG=1",
					"$(inherited)",
				);
				GCC_WARN_64_TO_32_BIT_CONVERSION = YES;
				GCC_WARN_ABOUT_RETURN_TYPE = YES_ERROR;
				GCC_WARN_UNDECLARED_SELECTOR = YES;
				GCC_WARN_UNINITIALIZED_AUTOS = YES_AGGRESSIVE;
				GCC_WARN_UNUSED_FUNCTION = YES;
				GCC_WARN_UNUSED_VARIABLE = YES;
				IPHONEOS_DEPLOYMENT_TARGET = 15.2;
				MTL_ENABLE_DEBUG_INFO = INCLUDE_SOURCE;
				MTL_FAST_MATH = YES;
				ONLY_ACTIVE_ARCH = YES;
				SDKROOT = iphoneos;
				SWIFT_ACTIVE_COMPILATION_CONDITIONS = DEBUG;
				SWIFT_OPTIMIZATION_LEVEL = "-Onone";
			};
			name = Debug;
		};
		975815572854D8AD00EA231E /* Release */ = {
			isa = XCBuildConfiguration;
			buildSettings = {
				ALWAYS_SEARCH_USER_PATHS = NO;
				CLANG_ANALYZER_NONNULL = YES;
				CLANG_ANALYZER_NUMBER_OBJECT_CONVERSION = YES_AGGRESSIVE;
				CLANG_CXX_LANGUAGE_STANDARD = "gnu++17";
				CLANG_CXX_LIBRARY = "libc++";
				CLANG_ENABLE_MODULES = YES;
				CLANG_ENABLE_OBJC_ARC = YES;
				CLANG_ENABLE_OBJC_WEAK = YES;
				CLANG_WARN_BLOCK_CAPTURE_AUTORELEASING = YES;
				CLANG_WARN_BOOL_CONVERSION = YES;
				CLANG_WARN_COMMA = YES;
				CLANG_WARN_CONSTANT_CONVERSION = YES;
				CLANG_WARN_DEPRECATED_OBJC_IMPLEMENTATIONS = YES;
				CLANG_WARN_DIRECT_OBJC_ISA_USAGE = YES_ERROR;
				CLANG_WARN_DOCUMENTATION_COMMENTS = YES;
				CLANG_WARN_EMPTY_BODY = YES;
				CLANG_WARN_ENUM_CONVERSION = YES;
				CLANG_WARN_INFINITE_RECURSION = YES;
				CLANG_WARN_INT_CONVERSION = YES;
				CLANG_WARN_NON_LITERAL_NULL_CONVERSION = YES;
				CLANG_WARN_OBJC_IMPLICIT_RETAIN_SELF = YES;
				CLANG_WARN_OBJC_LITERAL_CONVERSION = YES;
				CLANG_WARN_OBJC_ROOT_CLASS = YES_ERROR;
				CLANG_WARN_QUOTED_INCLUDE_IN_FRAMEWORK_HEADER = YES;
				CLANG_WARN_RANGE_LOOP_ANALYSIS = YES;
				CLANG_WARN_STRICT_PROTOTYPES = YES;
				CLANG_WARN_SUSPICIOUS_MOVE = YES;
				CLANG_WARN_UNGUARDED_AVAILABILITY = YES_AGGRESSIVE;
				CLANG_WARN_UNREACHABLE_CODE = YES;
				CLANG_WARN__DUPLICATE_METHOD_MATCH = YES;
				COPY_PHASE_STRIP = NO;
				DEBUG_INFORMATION_FORMAT = "dwarf-with-dsym";
				ENABLE_NS_ASSERTIONS = NO;
				ENABLE_STRICT_OBJC_MSGSEND = YES;
				GCC_C_LANGUAGE_STANDARD = gnu11;
				GCC_NO_COMMON_BLOCKS = YES;
				GCC_WARN_64_TO_32_BIT_CONVERSION = YES;
				GCC_WARN_ABOUT_RETURN_TYPE = YES_ERROR;
				GCC_WARN_UNDECLARED_SELECTOR = YES;
				GCC_WARN_UNINITIALIZED_AUTOS = YES_AGGRESSIVE;
				GCC_WARN_UNUSED_FUNCTION = YES;
				GCC_WARN_UNUSED_VARIABLE = YES;
				IPHONEOS_DEPLOYMENT_TARGET = 15.2;
				MTL_ENABLE_DEBUG_INFO = NO;
				MTL_FAST_MATH = YES;
				SDKROOT = iphoneos;
				SWIFT_COMPILATION_MODE = wholemodule;
				SWIFT_OPTIMIZATION_LEVEL = "-O";
				VALIDATE_PRODUCT = YES;
			};
			name = Release;
		};
		975815592854D8AD00EA231E /* Debug */ = {
			isa = XCBuildConfiguration;
			buildSettings = {
				ASSETCATALOG_COMPILER_APPICON_NAME = AppIcon;
				ASSETCATALOG_COMPILER_GLOBAL_ACCENT_COLOR_NAME = AccentColor;
				CODE_SIGN_STYLE = Automatic;
				CURRENT_PROJECT_VERSION = 1;
				GENERATE_INFOPLIST_FILE = YES;
				INFOPLIST_FILE = TipForMeal/Info.plist;
				INFOPLIST_KEY_UIApplicationSupportsIndirectInputEvents = YES;
				INFOPLIST_KEY_UILaunchStoryboardName = LaunchScreen;
				INFOPLIST_KEY_UIMainStoryboardFile = Main;
				INFOPLIST_KEY_UISupportedInterfaceOrientations_iPad = "UIInterfaceOrientationPortrait UIInterfaceOrientationPortraitUpsideDown UIInterfaceOrientationLandscapeLeft UIInterfaceOrientationLandscapeRight";
				INFOPLIST_KEY_UISupportedInterfaceOrientations_iPhone = "UIInterfaceOrientationPortrait UIInterfaceOrientationLandscapeLeft UIInterfaceOrientationLandscapeRight";
				LD_RUNPATH_SEARCH_PATHS = (
					"$(inherited)",
					"@executable_path/Frameworks",
				);
				MARKETING_VERSION = 1.0;
				PRODUCT_BUNDLE_IDENTIFIER = info.TipForMeal;
				PRODUCT_NAME = "$(TARGET_NAME)";
				SWIFT_EMIT_LOC_STRINGS = YES;
				SWIFT_VERSION = 5.0;
				TARGETED_DEVICE_FAMILY = "1,2";
			};
			name = Debug;
		};
		9758155A2854D8AD00EA231E /* Release */ = {
			isa = XCBuildConfiguration;
			buildSettings = {
				ASSETCATALOG_COMPILER_APPICON_NAME = AppIcon;
				ASSETCATALOG_COMPILER_GLOBAL_ACCENT_COLOR_NAME = AccentColor;
				CODE_SIGN_STYLE = Automatic;
				CURRENT_PROJECT_VERSION = 1;
				GENERATE_INFOPLIST_FILE = YES;
				INFOPLIST_FILE = TipForMeal/Info.plist;
				INFOPLIST_KEY_UIApplicationSupportsIndirectInputEvents = YES;
				INFOPLIST_KEY_UILaunchStoryboardName = LaunchScreen;
				INFOPLIST_KEY_UIMainStoryboardFile = Main;
				INFOPLIST_KEY_UISupportedInterfaceOrientations_iPad = "UIInterfaceOrientationPortrait UIInterfaceOrientationPortraitUpsideDown UIInterfaceOrientationLandscapeLeft UIInterfaceOrientationLandscapeRight";
				INFOPLIST_KEY_UISupportedInterfaceOrientations_iPhone = "UIInterfaceOrientationPortrait UIInterfaceOrientationLandscapeLeft UIInterfaceOrientationLandscapeRight";
				LD_RUNPATH_SEARCH_PATHS = (
					"$(inherited)",
					"@executable_path/Frameworks",
				);
				MARKETING_VERSION = 1.0;
				PRODUCT_BUNDLE_IDENTIFIER = info.TipForMeal;
				PRODUCT_NAME = "$(TARGET_NAME)";
				SWIFT_EMIT_LOC_STRINGS = YES;
				SWIFT_VERSION = 5.0;
				TARGETED_DEVICE_FAMILY = "1,2";
			};
			name = Release;
		};
/* End XCBuildConfiguration section */

/* Begin XCConfigurationList section */
		9758153F2854D8AD00EA231E /* Build configuration list for PBXProject "TipForMeal" */ = {
			isa = XCConfigurationList;
			buildConfigurations = (
				975815562854D8AD00EA231E /* Debug */,
				975815572854D8AD00EA231E /* Release */,
			);
			defaultConfigurationIsVisible = 0;
			defaultConfigurationName = Release;
		};
		975815582854D8AD00EA231E /* Build configuration list for PBXNativeTarget "TipForMeal" */ = {
			isa = XCConfigurationList;
			buildConfigurations = (
				975815592854D8AD00EA231E /* Debug */,
				9758155A2854D8AD00EA231E /* Release */,
			);
			defaultConfigurationIsVisible = 0;
			defaultConfigurationName = Release;
		};
/* End XCConfigurationList section */
	};
	rootObject = 9758153C2854D8AD00EA231E /* Project object */;
}
